
Microsoft Visual Studio Solution File, Format Version 12.00
# Visual Studio Version 17
VisualStudioVersion = 17.0.31611.283
MinimumVisualStudioVersion = 10.0.40219.1
Project("{9A19103F-16F7-4668-BE54-9A1E7A4F7556}") = "mauiAotProblem", "mauiAotProblem\mauiAotProblem.csproj", "{5F7BA97C-0637-476B-B83B-CFC29F88257E}"
EndProject
Project("{2150E333-8FDC-42A3-9474-1A3956D46DE8}") = "Projektmappenelemente", "Projektmappenelemente", "{F3717630-21E5-4D71-BF88-A4EBA7D770F3}"
	ProjectSection(SolutionItems) = preProject
		.gitignore = .gitignore
		LICENSE = LICENSE
		README.md = README.md
	EndProjectSection
EndProject
Global
	GlobalSection(SolutionConfigurationPlatforms) = preSolution
		Debug|Any CPU = Debug|Any CPU
		Release|Any CPU = Release|Any CPU
	EndGlobalSection
	GlobalSection(ProjectConfigurationPlatforms) = postSolution
		{5F7BA97C-0637-476B-B83B-CFC29F88257E}.Debug|Any CPU.ActiveCfg = Debug|Any CPU
		{5F7BA97C-0637-476B-B83B-CFC29F88257E}.Debug|Any CPU.Build.0 = Debug|Any CPU
		{5F7BA97C-0637-476B-B83B-CFC29F88257E}.Debug|Any CPU.Deploy.0 = Debug|Any CPU
		{5F7BA97C-0637-476B-B83B-CFC29F88257E}.Release|Any CPU.ActiveCfg = Release|Any CPU
		{5F7BA97C-0637-476B-B83B-CFC29F88257E}.Release|Any CPU.Build.0 = Release|Any CPU
		{5F7BA97C-0637-476B-B83B-CFC29F88257E}.Release|Any CPU.Deploy.0 = Release|Any CPU
	EndGlobalSection
	GlobalSection(SolutionProperties) = preSolution
		HideSolutionNode = FALSE
	EndGlobalSection
	GlobalSection(ExtensibilityGlobals) = postSolution
		SolutionGuid = {61F7FB11-1E47-470C-91E2-47F8143E1572}
	EndGlobalSection
EndGlobal
